// !$*UTF8*$!
{
	archiveVersion = 1;
	classes = {
	};
	objectVersion = 46;
	objects = {

/* Begin PBXBuildFile section */
		156C572A1BED3E7A00BCCCB1 /* ContentViewController.swift in Sources */ = {isa = PBXBuildFile; fileRef = 156C57291BED3E7A00BCCCB1 /* ContentViewController.swift */; };
		156C572C1BED407500BCCCB1 /* InitialContentViewController.swift in Sources */ = {isa = PBXBuildFile; fileRef = 156C572B1BED407500BCCCB1 /* InitialContentViewController.swift */; };
		1595D9DC1BF2C78800F15462 /* Calf Raises.png in Resources */ = {isa = PBXBuildFile; fileRef = 1595D9CA1BF2C78800F15462 /* Calf Raises.png */; };
		1595D9DD1BF2C78800F15462 /* Chest Fly.png in Resources */ = {isa = PBXBuildFile; fileRef = 1595D9CB1BF2C78800F15462 /* Chest Fly.png */; };
		1595D9DE1BF2C78800F15462 /* Chest Press.png in Resources */ = {isa = PBXBuildFile; fileRef = 1595D9CC1BF2C78800F15462 /* Chest Press.png */; };
		1595D9DF1BF2C78800F15462 /* Crunches.png in Resources */ = {isa = PBXBuildFile; fileRef = 1595D9CD1BF2C78800F15462 /* Crunches.png */; };
		1595D9E01BF2C78800F15462 /* Curls.png in Resources */ = {isa = PBXBuildFile; fileRef = 1595D9CE1BF2C78800F15462 /* Curls.png */; };
		1595D9E11BF2C78800F15462 /* Deadlift.png in Resources */ = {isa = PBXBuildFile; fileRef = 1595D9CF1BF2C78800F15462 /* Deadlift.png */; };
		1595D9E21BF2C78800F15462 /* Dumbbell Row.png in Resources */ = {isa = PBXBuildFile; fileRef = 1595D9D01BF2C78800F15462 /* Dumbbell Row.png */; };
		1595D9E31BF2C78800F15462 /* Dumbbell Shrug.png in Resources */ = {isa = PBXBuildFile; fileRef = 1595D9D11BF2C78800F15462 /* Dumbbell Shrug.png */; };
		1595D9E41BF2C78800F15462 /* Front Raise.png in Resources */ = {isa = PBXBuildFile; fileRef = 1595D9D21BF2C78800F15462 /* Front Raise.png */; };
		1595D9E51BF2C78800F15462 /* Incline Chest Press.png in Resources */ = {isa = PBXBuildFile; fileRef = 1595D9D31BF2C78800F15462 /* Incline Chest Press.png */; };
		1595D9E61BF2C78800F15462 /* Lateral Raise.png in Resources */ = {isa = PBXBuildFile; fileRef = 1595D9D41BF2C78800F15462 /* Lateral Raise.png */; };
		1595D9E71BF2C78800F15462 /* Lunges.png in Resources */ = {isa = PBXBuildFile; fileRef = 1595D9D51BF2C78800F15462 /* Lunges.png */; };
		1595D9E81BF2C78800F15462 /* Planks.png in Resources */ = {isa = PBXBuildFile; fileRef = 1595D9D61BF2C78800F15462 /* Planks.png */; };
		1595D9E91BF2C78800F15462 /* Reverse Curls.png in Resources */ = {isa = PBXBuildFile; fileRef = 1595D9D71BF2C78800F15462 /* Reverse Curls.png */; };
		1595D9EA1BF2C78800F15462 /* Shoulder Press.png in Resources */ = {isa = PBXBuildFile; fileRef = 1595D9D81BF2C78800F15462 /* Shoulder Press.png */; };
		1595D9EB1BF2C78800F15462 /* Sit Ups.png in Resources */ = {isa = PBXBuildFile; fileRef = 1595D9D91BF2C78800F15462 /* Sit Ups.png */; };
		1595D9EC1BF2C78800F15462 /* Squats.png in Resources */ = {isa = PBXBuildFile; fileRef = 1595D9DA1BF2C78800F15462 /* Squats.png */; };
		1595D9ED1BF2C78800F15462 /* Tricep Press.png in Resources */ = {isa = PBXBuildFile; fileRef = 1595D9DB1BF2C78800F15462 /* Tricep Press.png */; };
		15D1D9DD1BF15B9D00D74AEB /* Workout.swift in Sources */ = {isa = PBXBuildFile; fileRef = 15D1D9DC1BF15B9D00D74AEB /* Workout.swift */; };
		15DEF25C1BD99C670031515C /* WorkoutTableViewController.swift in Sources */ = {isa = PBXBuildFile; fileRef = 15DEF25B1BD99C670031515C /* WorkoutTableViewController.swift */; };
		15DEF2601BD99D020031515C /* DataModel.swift in Sources */ = {isa = PBXBuildFile; fileRef = 15DEF25F1BD99D020031515C /* DataModel.swift */; };
		431801F61C0E6FBF00BD7BCD /* settings.jpeg in Resources */ = {isa = PBXBuildFile; fileRef = 431801F51C0E6FBF00BD7BCD /* settings.jpeg */; };
		432FF98B1C0E89B10075F652 /* experienceBarView.swift in Sources */ = {isa = PBXBuildFile; fileRef = 432FF98A1C0E89B10075F652 /* experienceBarView.swift */; };
		435F4DD51BDAF70700EE61CE /* Avatar1.jpg in Resources */ = {isa = PBXBuildFile; fileRef = 435F4DD11BDAF70700EE61CE /* Avatar1.jpg */; };
		435F4DD61BDAF70700EE61CE /* Avatar2.jpg in Resources */ = {isa = PBXBuildFile; fileRef = 435F4DD21BDAF70700EE61CE /* Avatar2.jpg */; };
		435F4DD71BDAF70700EE61CE /* Avatar3.jpg in Resources */ = {isa = PBXBuildFile; fileRef = 435F4DD31BDAF70700EE61CE /* Avatar3.jpg */; };
		435F4DD81BDAF70700EE61CE /* Avatar4.jpg in Resources */ = {isa = PBXBuildFile; fileRef = 435F4DD41BDAF70700EE61CE /* Avatar4.jpg */; };
		437253B51BD1AA56009E2EDE /* Workout-Bro-.jpg in Resources */ = {isa = PBXBuildFile; fileRef = 437253B41BD1AA56009E2EDE /* Workout-Bro-.jpg */; };
		439080161C0E5B57000B6E81 /* weights.jpg in Resources */ = {isa = PBXBuildFile; fileRef = 439080151C0E5B57000B6E81 /* weights.jpg */; };
		4392E7D11BD71BF100AE5D86 /* 01.jpg in Resources */ = {isa = PBXBuildFile; fileRef = 4392E7BC1BD71BF100AE5D86 /* 01.jpg */; };
		4392E7D21BD71BF100AE5D86 /* 02.jpg in Resources */ = {isa = PBXBuildFile; fileRef = 4392E7BD1BD71BF100AE5D86 /* 02.jpg */; };
		4392E7D31BD71BF100AE5D86 /* 03.jpg in Resources */ = {isa = PBXBuildFile; fileRef = 4392E7BE1BD71BF100AE5D86 /* 03.jpg */; };
		4392E7D41BD71BF100AE5D86 /* 04.jpg in Resources */ = {isa = PBXBuildFile; fileRef = 4392E7BF1BD71BF100AE5D86 /* 04.jpg */; };
		4392E7D51BD71BF100AE5D86 /* 05.jpg in Resources */ = {isa = PBXBuildFile; fileRef = 4392E7C01BD71BF100AE5D86 /* 05.jpg */; };
		4392E7D61BD71BF100AE5D86 /* 06.jpg in Resources */ = {isa = PBXBuildFile; fileRef = 4392E7C11BD71BF100AE5D86 /* 06.jpg */; };
		4392E7D71BD71BF100AE5D86 /* 07.jpg in Resources */ = {isa = PBXBuildFile; fileRef = 4392E7C21BD71BF100AE5D86 /* 07.jpg */; };
		4392E7D81BD71BF100AE5D86 /* 08.jpg in Resources */ = {isa = PBXBuildFile; fileRef = 4392E7C31BD71BF100AE5D86 /* 08.jpg */; };
		4392E7D91BD71BF100AE5D86 /* 09.jpg in Resources */ = {isa = PBXBuildFile; fileRef = 4392E7C41BD71BF100AE5D86 /* 09.jpg */; };
		4392E7DA1BD71BF100AE5D86 /* 10.jpg in Resources */ = {isa = PBXBuildFile; fileRef = 4392E7C51BD71BF100AE5D86 /* 10.jpg */; };
		4392E7DB1BD71BF100AE5D86 /* 11.jpg in Resources */ = {isa = PBXBuildFile; fileRef = 4392E7C61BD71BF100AE5D86 /* 11.jpg */; };
		4392E7DC1BD71BF100AE5D86 /* 12.jpg in Resources */ = {isa = PBXBuildFile; fileRef = 4392E7C71BD71BF100AE5D86 /* 12.jpg */; };
		4392E7DD1BD71BF100AE5D86 /* 13.jpg in Resources */ = {isa = PBXBuildFile; fileRef = 4392E7C81BD71BF100AE5D86 /* 13.jpg */; };
		4392E7DE1BD71BF100AE5D86 /* 14.jpg in Resources */ = {isa = PBXBuildFile; fileRef = 4392E7C91BD71BF100AE5D86 /* 14.jpg */; };
		4392E7DF1BD71BF100AE5D86 /* 15.jpg in Resources */ = {isa = PBXBuildFile; fileRef = 4392E7CA1BD71BF100AE5D86 /* 15.jpg */; };
		4392E7E01BD71BF100AE5D86 /* 16.jpg in Resources */ = {isa = PBXBuildFile; fileRef = 4392E7CB1BD71BF100AE5D86 /* 16.jpg */; };
		4392E7E11BD71BF100AE5D86 /* 17.jpg in Resources */ = {isa = PBXBuildFile; fileRef = 4392E7CC1BD71BF100AE5D86 /* 17.jpg */; };
		4392E7E21BD71BF100AE5D86 /* 18.jpg in Resources */ = {isa = PBXBuildFile; fileRef = 4392E7CD1BD71BF100AE5D86 /* 18.jpg */; };
		4392E7E31BD71BF100AE5D86 /* 19.jpg in Resources */ = {isa = PBXBuildFile; fileRef = 4392E7CE1BD71BF100AE5D86 /* 19.jpg */; };
		4392E7E41BD71BF100AE5D86 /* 20.jpg in Resources */ = {isa = PBXBuildFile; fileRef = 4392E7CF1BD71BF100AE5D86 /* 20.jpg */; };
		4392E7E51BD71BF100AE5D86 /* Screen Shot 2015-10-16 at 5.58.17 PM.png in Resources */ = {isa = PBXBuildFile; fileRef = 4392E7D01BD71BF100AE5D86 /* Screen Shot 2015-10-16 at 5.58.17 PM.png */; };
		43A099571BED3315004EC864 /* SettingsViewController.swift in Sources */ = {isa = PBXBuildFile; fileRef = 43A099561BED3315004EC864 /* SettingsViewController.swift */; };
		43AF4E961BCC8FE4003298DB /* AppDelegate.swift in Sources */ = {isa = PBXBuildFile; fileRef = 43AF4E951BCC8FE4003298DB /* AppDelegate.swift */; };
		43AF4E981BCC8FE4003298DB /* ViewController.swift in Sources */ = {isa = PBXBuildFile; fileRef = 43AF4E971BCC8FE4003298DB /* ViewController.swift */; };
		43AF4E9B1BCC8FE4003298DB /* Main.storyboard in Resources */ = {isa = PBXBuildFile; fileRef = 43AF4E991BCC8FE4003298DB /* Main.storyboard */; };
		43AF4E9E1BCC8FE4003298DB /* Workout_Bro.xcdatamodeld in Sources */ = {isa = PBXBuildFile; fileRef = 43AF4E9C1BCC8FE4003298DB /* Workout_Bro.xcdatamodeld */; };
		43AF4EA01BCC8FE4003298DB /* Assets.xcassets in Resources */ = {isa = PBXBuildFile; fileRef = 43AF4E9F1BCC8FE4003298DB /* Assets.xcassets */; };
		43AF4EA31BCC8FE4003298DB /* LaunchScreen.storyboard in Resources */ = {isa = PBXBuildFile; fileRef = 43AF4EA11BCC8FE4003298DB /* LaunchScreen.storyboard */; };
		43AF4EAE1BCC8FE4003298DB /* Workout_BroTests.swift in Sources */ = {isa = PBXBuildFile; fileRef = 43AF4EAD1BCC8FE4003298DB /* Workout_BroTests.swift */; };
		43AF4EB91BCC8FE4003298DB /* Workout_BroUITests.swift in Sources */ = {isa = PBXBuildFile; fileRef = 43AF4EB81BCC8FE4003298DB /* Workout_BroUITests.swift */; };
		43CE42C91C0E64C90068B8F7 /* SetupViewController.swift in Sources */ = {isa = PBXBuildFile; fileRef = 43CE42C81C0E64C90068B8F7 /* SetupViewController.swift */; };
		43E40DC31BE2D73200B386A2 /* redButton.jpg in Resources */ = {isa = PBXBuildFile; fileRef = 43E40DC21BE2D73200B386A2 /* redButton.jpg */; };
		43E40DC51BE2D74000B386A2 /* greenButton.jpg in Resources */ = {isa = PBXBuildFile; fileRef = 43E40DC41BE2D74000B386A2 /* greenButton.jpg */; };
		43E8D4901BEBEA2500684DDA /* set counter.swift in Sources */ = {isa = PBXBuildFile; fileRef = 43E8D48F1BEBEA2500684DDA /* set counter.swift */; };
		43E8D4921BEBEB0500684DDA /* CounterView.swift in Sources */ = {isa = PBXBuildFile; fileRef = 43E8D4911BEBEB0500684DDA /* CounterView.swift */; };
		4A22F5531C0986CA00B5924C /* notifyViewController.swift in Sources */ = {isa = PBXBuildFile; fileRef = 4A22F5521C0986C900B5924C /* notifyViewController.swift */; };
		4AD3CE631BD0608F008B21A2 /* StopWatchViewController.swift in Sources */ = {isa = PBXBuildFile; fileRef = 4AD3CE621BD0608F008B21A2 /* StopWatchViewController.swift */; };
/* End PBXBuildFile section */

/* Begin PBXContainerItemProxy section */
		43AF4EAA1BCC8FE4003298DB /* PBXContainerItemProxy */ = {
			isa = PBXContainerItemProxy;
			containerPortal = 43AF4E8A1BCC8FE4003298DB /* Project object */;
			proxyType = 1;
			remoteGlobalIDString = 43AF4E911BCC8FE4003298DB;
			remoteInfo = "Workout Bro";
		};
		43AF4EB51BCC8FE4003298DB /* PBXContainerItemProxy */ = {
			isa = PBXContainerItemProxy;
			containerPortal = 43AF4E8A1BCC8FE4003298DB /* Project object */;
			proxyType = 1;
			remoteGlobalIDString = 43AF4E911BCC8FE4003298DB;
			remoteInfo = "Workout Bro";
		};
/* End PBXContainerItemProxy section */

/* Begin PBXFileReference section */
		156C57291BED3E7A00BCCCB1 /* ContentViewController.swift */ = {isa = PBXFileReference; fileEncoding = 4; lastKnownFileType = sourcecode.swift; path = ContentViewController.swift; sourceTree = "<group>"; };
		156C572B1BED407500BCCCB1 /* InitialContentViewController.swift */ = {isa = PBXFileReference; fileEncoding = 4; lastKnownFileType = sourcecode.swift; path = InitialContentViewController.swift; sourceTree = "<group>"; };
		1595D9CA1BF2C78800F15462 /* Calf Raises.png */ = {isa = PBXFileReference; lastKnownFileType = image.png; path = "Calf Raises.png"; sourceTree = "<group>"; };
		1595D9CB1BF2C78800F15462 /* Chest Fly.png */ = {isa = PBXFileReference; lastKnownFileType = image.png; path = "Chest Fly.png"; sourceTree = "<group>"; };
		1595D9CC1BF2C78800F15462 /* Chest Press.png */ = {isa = PBXFileReference; lastKnownFileType = image.png; path = "Chest Press.png"; sourceTree = "<group>"; };
		1595D9CD1BF2C78800F15462 /* Crunches.png */ = {isa = PBXFileReference; lastKnownFileType = image.png; path = Crunches.png; sourceTree = "<group>"; };
		1595D9CE1BF2C78800F15462 /* Curls.png */ = {isa = PBXFileReference; lastKnownFileType = image.png; path = Curls.png; sourceTree = "<group>"; };
		1595D9CF1BF2C78800F15462 /* Deadlift.png */ = {isa = PBXFileReference; lastKnownFileType = image.png; path = Deadlift.png; sourceTree = "<group>"; };
		1595D9D01BF2C78800F15462 /* Dumbbell Row.png */ = {isa = PBXFileReference; lastKnownFileType = image.png; path = "Dumbbell Row.png"; sourceTree = "<group>"; };
		1595D9D11BF2C78800F15462 /* Dumbbell Shrug.png */ = {isa = PBXFileReference; lastKnownFileType = image.png; path = "Dumbbell Shrug.png"; sourceTree = "<group>"; };
		1595D9D21BF2C78800F15462 /* Front Raise.png */ = {isa = PBXFileReference; lastKnownFileType = image.png; path = "Front Raise.png"; sourceTree = "<group>"; };
		1595D9D31BF2C78800F15462 /* Incline Chest Press.png */ = {isa = PBXFileReference; lastKnownFileType = image.png; path = "Incline Chest Press.png"; sourceTree = "<group>"; };
		1595D9D41BF2C78800F15462 /* Lateral Raise.png */ = {isa = PBXFileReference; lastKnownFileType = image.png; path = "Lateral Raise.png"; sourceTree = "<group>"; };
		1595D9D51BF2C78800F15462 /* Lunges.png */ = {isa = PBXFileReference; lastKnownFileType = image.png; path = Lunges.png; sourceTree = "<group>"; };
		1595D9D61BF2C78800F15462 /* Planks.png */ = {isa = PBXFileReference; lastKnownFileType = image.png; path = Planks.png; sourceTree = "<group>"; };
		1595D9D71BF2C78800F15462 /* Reverse Curls.png */ = {isa = PBXFileReference; lastKnownFileType = image.png; path = "Reverse Curls.png"; sourceTree = "<group>"; };
		1595D9D81BF2C78800F15462 /* Shoulder Press.png */ = {isa = PBXFileReference; lastKnownFileType = image.png; path = "Shoulder Press.png"; sourceTree = "<group>"; };
		1595D9D91BF2C78800F15462 /* Sit Ups.png */ = {isa = PBXFileReference; lastKnownFileType = image.png; path = "Sit Ups.png"; sourceTree = "<group>"; };
		1595D9DA1BF2C78800F15462 /* Squats.png */ = {isa = PBXFileReference; lastKnownFileType = image.png; path = Squats.png; sourceTree = "<group>"; };
		1595D9DB1BF2C78800F15462 /* Tricep Press.png */ = {isa = PBXFileReference; lastKnownFileType = image.png; path = "Tricep Press.png"; sourceTree = "<group>"; };
		15D1D9DC1BF15B9D00D74AEB /* Workout.swift */ = {isa = PBXFileReference; fileEncoding = 4; lastKnownFileType = sourcecode.swift; path = Workout.swift; sourceTree = "<group>"; };
		15DEF25B1BD99C670031515C /* WorkoutTableViewController.swift */ = {isa = PBXFileReference; fileEncoding = 4; lastKnownFileType = sourcecode.swift; path = WorkoutTableViewController.swift; sourceTree = "<group>"; };
		15DEF25F1BD99D020031515C /* DataModel.swift */ = {isa = PBXFileReference; fileEncoding = 4; lastKnownFileType = sourcecode.swift; name = DataModel.swift; path = ../DataModel.swift; sourceTree = "<group>"; };
		431801F51C0E6FBF00BD7BCD /* settings.jpeg */ = {isa = PBXFileReference; lastKnownFileType = image.jpeg; path = settings.jpeg; sourceTree = "<group>"; };
		432FF98A1C0E89B10075F652 /* experienceBarView.swift */ = {isa = PBXFileReference; fileEncoding = 4; lastKnownFileType = sourcecode.swift; path = experienceBarView.swift; sourceTree = "<group>"; };
		435F4DD11BDAF70700EE61CE /* Avatar1.jpg */ = {isa = PBXFileReference; lastKnownFileType = image.jpeg; name = Avatar1.jpg; path = "../loadingBar 2/Avatar1.jpg"; sourceTree = "<group>"; };
		435F4DD21BDAF70700EE61CE /* Avatar2.jpg */ = {isa = PBXFileReference; lastKnownFileType = image.jpeg; name = Avatar2.jpg; path = "../loadingBar 2/Avatar2.jpg"; sourceTree = "<group>"; };
		435F4DD31BDAF70700EE61CE /* Avatar3.jpg */ = {isa = PBXFileReference; lastKnownFileType = image.jpeg; name = Avatar3.jpg; path = "../loadingBar 2/Avatar3.jpg"; sourceTree = "<group>"; };
		435F4DD41BDAF70700EE61CE /* Avatar4.jpg */ = {isa = PBXFileReference; lastKnownFileType = image.jpeg; name = Avatar4.jpg; path = "../loadingBar 2/Avatar4.jpg"; sourceTree = "<group>"; };
		437253B41BD1AA56009E2EDE /* Workout-Bro-.jpg */ = {isa = PBXFileReference; lastKnownFileType = image.jpeg; path = "Workout-Bro-.jpg"; sourceTree = "<group>"; };
		439080151C0E5B57000B6E81 /* weights.jpg */ = {isa = PBXFileReference; lastKnownFileType = image.jpeg; path = weights.jpg; sourceTree = "<group>"; };
		4392E7BC1BD71BF100AE5D86 /* 01.jpg */ = {isa = PBXFileReference; lastKnownFileType = image.jpeg; path = 01.jpg; sourceTree = "<group>"; };
		4392E7BD1BD71BF100AE5D86 /* 02.jpg */ = {isa = PBXFileReference; lastKnownFileType = image.jpeg; path = 02.jpg; sourceTree = "<group>"; };
		4392E7BE1BD71BF100AE5D86 /* 03.jpg */ = {isa = PBXFileReference; lastKnownFileType = image.jpeg; path = 03.jpg; sourceTree = "<group>"; };
		4392E7BF1BD71BF100AE5D86 /* 04.jpg */ = {isa = PBXFileReference; lastKnownFileType = image.jpeg; path = 04.jpg; sourceTree = "<group>"; };
		4392E7C01BD71BF100AE5D86 /* 05.jpg */ = {isa = PBXFileReference; lastKnownFileType = image.jpeg; path = 05.jpg; sourceTree = "<group>"; };
		4392E7C11BD71BF100AE5D86 /* 06.jpg */ = {isa = PBXFileReference; lastKnownFileType = image.jpeg; path = 06.jpg; sourceTree = "<group>"; };
		4392E7C21BD71BF100AE5D86 /* 07.jpg */ = {isa = PBXFileReference; lastKnownFileType = image.jpeg; path = 07.jpg; sourceTree = "<group>"; };
		4392E7C31BD71BF100AE5D86 /* 08.jpg */ = {isa = PBXFileReference; lastKnownFileType = image.jpeg; path = 08.jpg; sourceTree = "<group>"; };
		4392E7C41BD71BF100AE5D86 /* 09.jpg */ = {isa = PBXFileReference; lastKnownFileType = image.jpeg; path = 09.jpg; sourceTree = "<group>"; };
		4392E7C51BD71BF100AE5D86 /* 10.jpg */ = {isa = PBXFileReference; lastKnownFileType = image.jpeg; path = 10.jpg; sourceTree = "<group>"; };
		4392E7C61BD71BF100AE5D86 /* 11.jpg */ = {isa = PBXFileReference; lastKnownFileType = image.jpeg; path = 11.jpg; sourceTree = "<group>"; };
		4392E7C71BD71BF100AE5D86 /* 12.jpg */ = {isa = PBXFileReference; lastKnownFileType = image.jpeg; path = 12.jpg; sourceTree = "<group>"; };
		4392E7C81BD71BF100AE5D86 /* 13.jpg */ = {isa = PBXFileReference; lastKnownFileType = image.jpeg; path = 13.jpg; sourceTree = "<group>"; };
		4392E7C91BD71BF100AE5D86 /* 14.jpg */ = {isa = PBXFileReference; lastKnownFileType = image.jpeg; path = 14.jpg; sourceTree = "<group>"; };
		4392E7CA1BD71BF100AE5D86 /* 15.jpg */ = {isa = PBXFileReference; lastKnownFileType = image.jpeg; path = 15.jpg; sourceTree = "<group>"; };
		4392E7CB1BD71BF100AE5D86 /* 16.jpg */ = {isa = PBXFileReference; lastKnownFileType = image.jpeg; path = 16.jpg; sourceTree = "<group>"; };
		4392E7CC1BD71BF100AE5D86 /* 17.jpg */ = {isa = PBXFileReference; lastKnownFileType = image.jpeg; path = 17.jpg; sourceTree = "<group>"; };
		4392E7CD1BD71BF100AE5D86 /* 18.jpg */ = {isa = PBXFileReference; lastKnownFileType = image.jpeg; path = 18.jpg; sourceTree = "<group>"; };
		4392E7CE1BD71BF100AE5D86 /* 19.jpg */ = {isa = PBXFileReference; lastKnownFileType = image.jpeg; path = 19.jpg; sourceTree = "<group>"; };
		4392E7CF1BD71BF100AE5D86 /* 20.jpg */ = {isa = PBXFileReference; lastKnownFileType = image.jpeg; path = 20.jpg; sourceTree = "<group>"; };
		4392E7D01BD71BF100AE5D86 /* Screen Shot 2015-10-16 at 5.58.17 PM.png */ = {isa = PBXFileReference; lastKnownFileType = image.png; path = "Screen Shot 2015-10-16 at 5.58.17 PM.png"; sourceTree = "<group>"; };
		43A099561BED3315004EC864 /* SettingsViewController.swift */ = {isa = PBXFileReference; fileEncoding = 4; lastKnownFileType = sourcecode.swift; path = SettingsViewController.swift; sourceTree = "<group>"; };
		43AF4E921BCC8FE4003298DB /* Workout Bro.app */ = {isa = PBXFileReference; explicitFileType = wrapper.application; includeInIndex = 0; path = "Workout Bro.app"; sourceTree = BUILT_PRODUCTS_DIR; };
		43AF4E951BCC8FE4003298DB /* AppDelegate.swift */ = {isa = PBXFileReference; lastKnownFileType = sourcecode.swift; path = AppDelegate.swift; sourceTree = "<group>"; };
		43AF4E971BCC8FE4003298DB /* ViewController.swift */ = {isa = PBXFileReference; lastKnownFileType = sourcecode.swift; path = ViewController.swift; sourceTree = "<group>"; };
		43AF4E9A1BCC8FE4003298DB /* Base */ = {isa = PBXFileReference; lastKnownFileType = file.storyboard; name = Base; path = Base.lproj/Main.storyboard; sourceTree = "<group>"; };
		43AF4E9D1BCC8FE4003298DB /* Workout_Bro.xcdatamodel */ = {isa = PBXFileReference; lastKnownFileType = wrapper.xcdatamodel; path = Workout_Bro.xcdatamodel; sourceTree = "<group>"; };
		43AF4E9F1BCC8FE4003298DB /* Assets.xcassets */ = {isa = PBXFileReference; lastKnownFileType = folder.assetcatalog; path = Assets.xcassets; sourceTree = "<group>"; };
		43AF4EA21BCC8FE4003298DB /* Base */ = {isa = PBXFileReference; lastKnownFileType = file.storyboard; name = Base; path = Base.lproj/LaunchScreen.storyboard; sourceTree = "<group>"; };
		43AF4EA41BCC8FE4003298DB /* Info.plist */ = {isa = PBXFileReference; lastKnownFileType = text.plist.xml; path = Info.plist; sourceTree = "<group>"; };
		43AF4EA91BCC8FE4003298DB /* Workout BroTests.xctest */ = {isa = PBXFileReference; explicitFileType = wrapper.cfbundle; includeInIndex = 0; path = "Workout BroTests.xctest"; sourceTree = BUILT_PRODUCTS_DIR; };
		43AF4EAD1BCC8FE4003298DB /* Workout_BroTests.swift */ = {isa = PBXFileReference; lastKnownFileType = sourcecode.swift; path = Workout_BroTests.swift; sourceTree = "<group>"; };
		43AF4EAF1BCC8FE4003298DB /* Info.plist */ = {isa = PBXFileReference; lastKnownFileType = text.plist.xml; path = Info.plist; sourceTree = "<group>"; };
		43AF4EB41BCC8FE4003298DB /* Workout BroUITests.xctest */ = {isa = PBXFileReference; explicitFileType = wrapper.cfbundle; includeInIndex = 0; path = "Workout BroUITests.xctest"; sourceTree = BUILT_PRODUCTS_DIR; };
		43AF4EB81BCC8FE4003298DB /* Workout_BroUITests.swift */ = {isa = PBXFileReference; lastKnownFileType = sourcecode.swift; path = Workout_BroUITests.swift; sourceTree = "<group>"; };
		43AF4EBA1BCC8FE4003298DB /* Info.plist */ = {isa = PBXFileReference; lastKnownFileType = text.plist.xml; path = Info.plist; sourceTree = "<group>"; };
		43CE42C81C0E64C90068B8F7 /* SetupViewController.swift */ = {isa = PBXFileReference; fileEncoding = 4; lastKnownFileType = sourcecode.swift; path = SetupViewController.swift; sourceTree = "<group>"; };
		43E40DC21BE2D73200B386A2 /* redButton.jpg */ = {isa = PBXFileReference; lastKnownFileType = image.jpeg; name = redButton.jpg; path = ../redButton.jpg; sourceTree = "<group>"; };
		43E40DC41BE2D74000B386A2 /* greenButton.jpg */ = {isa = PBXFileReference; lastKnownFileType = image.jpeg; name = greenButton.jpg; path = ../greenButton.jpg; sourceTree = "<group>"; };
		43E8D48F1BEBEA2500684DDA /* set counter.swift */ = {isa = PBXFileReference; fileEncoding = 4; lastKnownFileType = sourcecode.swift; name = "set counter.swift"; path = "../set counter.swift"; sourceTree = "<group>"; };
		43E8D4911BEBEB0500684DDA /* CounterView.swift */ = {isa = PBXFileReference; fileEncoding = 4; lastKnownFileType = sourcecode.swift; path = CounterView.swift; sourceTree = "<group>"; };
		4A22F5521C0986C900B5924C /* notifyViewController.swift */ = {isa = PBXFileReference; fileEncoding = 4; lastKnownFileType = sourcecode.swift; path = notifyViewController.swift; sourceTree = "<group>"; };
		4AD3CE621BD0608F008B21A2 /* StopWatchViewController.swift */ = {isa = PBXFileReference; fileEncoding = 4; lastKnownFileType = sourcecode.swift; path = StopWatchViewController.swift; sourceTree = "<group>"; };
/* End PBXFileReference section */

/* Begin PBXFrameworksBuildPhase section */
		43AF4E8F1BCC8FE4003298DB /* Frameworks */ = {
			isa = PBXFrameworksBuildPhase;
			buildActionMask = 2147483647;
			files = (
			);
			runOnlyForDeploymentPostprocessing = 0;
		};
		43AF4EA61BCC8FE4003298DB /* Frameworks */ = {
			isa = PBXFrameworksBuildPhase;
			buildActionMask = 2147483647;
			files = (
			);
			runOnlyForDeploymentPostprocessing = 0;
		};
		43AF4EB11BCC8FE4003298DB /* Frameworks */ = {
			isa = PBXFrameworksBuildPhase;
			buildActionMask = 2147483647;
			files = (
			);
			runOnlyForDeploymentPostprocessing = 0;
		};
/* End PBXFrameworksBuildPhase section */

/* Begin PBXGroup section */
		1595D9C91BF2C78800F15462 /* Exercises */ = {
			isa = PBXGroup;
			children = (
				1595D9CA1BF2C78800F15462 /* Calf Raises.png */,
				1595D9CB1BF2C78800F15462 /* Chest Fly.png */,
				1595D9CC1BF2C78800F15462 /* Chest Press.png */,
				1595D9CD1BF2C78800F15462 /* Crunches.png */,
				1595D9CE1BF2C78800F15462 /* Curls.png */,
				1595D9CF1BF2C78800F15462 /* Deadlift.png */,
				1595D9D01BF2C78800F15462 /* Dumbbell Row.png */,
				1595D9D11BF2C78800F15462 /* Dumbbell Shrug.png */,
				1595D9D21BF2C78800F15462 /* Front Raise.png */,
				1595D9D31BF2C78800F15462 /* Incline Chest Press.png */,
				1595D9D41BF2C78800F15462 /* Lateral Raise.png */,
				1595D9D51BF2C78800F15462 /* Lunges.png */,
				1595D9D61BF2C78800F15462 /* Planks.png */,
				1595D9D71BF2C78800F15462 /* Reverse Curls.png */,
				1595D9D81BF2C78800F15462 /* Shoulder Press.png */,
				1595D9D91BF2C78800F15462 /* Sit Ups.png */,
				1595D9DA1BF2C78800F15462 /* Squats.png */,
				1595D9DB1BF2C78800F15462 /* Tricep Press.png */,
			);
			path = Exercises;
			sourceTree = "<group>";
		};
		439080121C0E5A61000B6E81 /* Backgrounds */ = {
			isa = PBXGroup;
			children = (
				431801F51C0E6FBF00BD7BCD /* settings.jpeg */,
				439080151C0E5B57000B6E81 /* weights.jpg */,
			);
			name = Backgrounds;
			path = ..;
			sourceTree = "<group>";
		};
		4392E7BB1BD71BF100AE5D86 /* loadingBar 2 */ = {
			isa = PBXGroup;
			children = (
				4392E7BC1BD71BF100AE5D86 /* 01.jpg */,
				4392E7BD1BD71BF100AE5D86 /* 02.jpg */,
				4392E7BE1BD71BF100AE5D86 /* 03.jpg */,
				4392E7BF1BD71BF100AE5D86 /* 04.jpg */,
				4392E7C01BD71BF100AE5D86 /* 05.jpg */,
				4392E7C11BD71BF100AE5D86 /* 06.jpg */,
				4392E7C21BD71BF100AE5D86 /* 07.jpg */,
				4392E7C31BD71BF100AE5D86 /* 08.jpg */,
				4392E7C41BD71BF100AE5D86 /* 09.jpg */,
				4392E7C51BD71BF100AE5D86 /* 10.jpg */,
				4392E7C61BD71BF100AE5D86 /* 11.jpg */,
				4392E7C71BD71BF100AE5D86 /* 12.jpg */,
				4392E7C81BD71BF100AE5D86 /* 13.jpg */,
				4392E7C91BD71BF100AE5D86 /* 14.jpg */,
				4392E7CA1BD71BF100AE5D86 /* 15.jpg */,
				4392E7CB1BD71BF100AE5D86 /* 16.jpg */,
				4392E7CC1BD71BF100AE5D86 /* 17.jpg */,
				4392E7CD1BD71BF100AE5D86 /* 18.jpg */,
				4392E7CE1BD71BF100AE5D86 /* 19.jpg */,
				4392E7CF1BD71BF100AE5D86 /* 20.jpg */,
				4392E7D01BD71BF100AE5D86 /* Screen Shot 2015-10-16 at 5.58.17 PM.png */,
			);
			name = "loadingBar 2";
			path = "../loadingBar 2";
			sourceTree = "<group>";
		};
		43AF4E891BCC8FE4003298DB = {
			isa = PBXGroup;
			children = (
				43AF4E941BCC8FE4003298DB /* Workout Bro */,
				43AF4EAC1BCC8FE4003298DB /* Workout BroTests */,
				43AF4EB71BCC8FE4003298DB /* Workout BroUITests */,
				43AF4E931BCC8FE4003298DB /* Products */,
			);
			sourceTree = "<group>";
		};
		43AF4E931BCC8FE4003298DB /* Products */ = {
			isa = PBXGroup;
			children = (
				43AF4E921BCC8FE4003298DB /* Workout Bro.app */,
				43AF4EA91BCC8FE4003298DB /* Workout BroTests.xctest */,
				43AF4EB41BCC8FE4003298DB /* Workout BroUITests.xctest */,
			);
			name = Products;
			sourceTree = "<group>";
		};
		43AF4E941BCC8FE4003298DB /* Workout Bro */ = {
			isa = PBXGroup;
			children = (
				439080121C0E5A61000B6E81 /* Backgrounds */,
				1595D9C91BF2C78800F15462 /* Exercises */,
				43E40DC61BE2D74900B386A2 /* Buttons */,
				4AEC232A1BDAF794002A85BA /* avatar */,
				43AF4E951BCC8FE4003298DB /* AppDelegate.swift */,
				15DEF25F1BD99D020031515C /* DataModel.swift */,
				43AF4E971BCC8FE4003298DB /* ViewController.swift */,
				43CE42C81C0E64C90068B8F7 /* SetupViewController.swift */,
				43E8D48F1BEBEA2500684DDA /* set counter.swift */,
				4A22F5521C0986C900B5924C /* notifyViewController.swift */,
				43E8D4911BEBEB0500684DDA /* CounterView.swift */,
				432FF98A1C0E89B10075F652 /* experienceBarView.swift */,
				43AF4E991BCC8FE4003298DB /* Main.storyboard */,
				43A099561BED3315004EC864 /* SettingsViewController.swift */,
				4392E7BB1BD71BF100AE5D86 /* loadingBar 2 */,
				437253B41BD1AA56009E2EDE /* Workout-Bro-.jpg */,
				43AF4E9F1BCC8FE4003298DB /* Assets.xcassets */,
				15DEF25B1BD99C670031515C /* WorkoutTableViewController.swift */,
				156C572B1BED407500BCCCB1 /* InitialContentViewController.swift */,
				156C57291BED3E7A00BCCCB1 /* ContentViewController.swift */,
				15D1D9DC1BF15B9D00D74AEB /* Workout.swift */,
				4AD3CE621BD0608F008B21A2 /* StopWatchViewController.swift */,
				43AF4EA11BCC8FE4003298DB /* LaunchScreen.storyboard */,
				43AF4EA41BCC8FE4003298DB /* Info.plist */,
				43AF4E9C1BCC8FE4003298DB /* Workout_Bro.xcdatamodeld */,
			);
			path = "Workout Bro";
			sourceTree = "<group>";
		};
		43AF4EAC1BCC8FE4003298DB /* Workout BroTests */ = {
			isa = PBXGroup;
			children = (
				43AF4EAD1BCC8FE4003298DB /* Workout_BroTests.swift */,
				43AF4EAF1BCC8FE4003298DB /* Info.plist */,
			);
			path = "Workout BroTests";
			sourceTree = "<group>";
		};
		43AF4EB71BCC8FE4003298DB /* Workout BroUITests */ = {
			isa = PBXGroup;
			children = (
				43AF4EB81BCC8FE4003298DB /* Workout_BroUITests.swift */,
				43AF4EBA1BCC8FE4003298DB /* Info.plist */,
			);
			path = "Workout BroUITests";
			sourceTree = "<group>";
		};
		43E40DC61BE2D74900B386A2 /* Buttons */ = {
			isa = PBXGroup;
			children = (
				43E40DC21BE2D73200B386A2 /* redButton.jpg */,
				43E40DC41BE2D74000B386A2 /* greenButton.jpg */,
			);
			name = Buttons;
			sourceTree = "<group>";
		};
		4AEC232A1BDAF794002A85BA /* avatar */ = {
			isa = PBXGroup;
			children = (
				435F4DD11BDAF70700EE61CE /* Avatar1.jpg */,
				435F4DD21BDAF70700EE61CE /* Avatar2.jpg */,
				435F4DD31BDAF70700EE61CE /* Avatar3.jpg */,
				435F4DD41BDAF70700EE61CE /* Avatar4.jpg */,
			);
			name = avatar;
			sourceTree = "<group>";
		};
/* End PBXGroup section */

/* Begin PBXNativeTarget section */
		43AF4E911BCC8FE4003298DB /* Workout Bro */ = {
			isa = PBXNativeTarget;
			buildConfigurationList = 43AF4EBD1BCC8FE4003298DB /* Build configuration list for PBXNativeTarget "Workout Bro" */;
			buildPhases = (
				43AF4E8E1BCC8FE4003298DB /* Sources */,
				43AF4E8F1BCC8FE4003298DB /* Frameworks */,
				43AF4E901BCC8FE4003298DB /* Resources */,
			);
			buildRules = (
			);
			dependencies = (
			);
			name = "Workout Bro";
			productName = "Workout Bro";
			productReference = 43AF4E921BCC8FE4003298DB /* Workout Bro.app */;
			productType = "com.apple.product-type.application";
		};
		43AF4EA81BCC8FE4003298DB /* Workout BroTests */ = {
			isa = PBXNativeTarget;
			buildConfigurationList = 43AF4EC01BCC8FE4003298DB /* Build configuration list for PBXNativeTarget "Workout BroTests" */;
			buildPhases = (
				43AF4EA51BCC8FE4003298DB /* Sources */,
				43AF4EA61BCC8FE4003298DB /* Frameworks */,
				43AF4EA71BCC8FE4003298DB /* Resources */,
			);
			buildRules = (
			);
			dependencies = (
				43AF4EAB1BCC8FE4003298DB /* PBXTargetDependency */,
			);
			name = "Workout BroTests";
			productName = "Workout BroTests";
			productReference = 43AF4EA91BCC8FE4003298DB /* Workout BroTests.xctest */;
			productType = "com.apple.product-type.bundle.unit-test";
		};
		43AF4EB31BCC8FE4003298DB /* Workout BroUITests */ = {
			isa = PBXNativeTarget;
			buildConfigurationList = 43AF4EC31BCC8FE4003298DB /* Build configuration list for PBXNativeTarget "Workout BroUITests" */;
			buildPhases = (
				43AF4EB01BCC8FE4003298DB /* Sources */,
				43AF4EB11BCC8FE4003298DB /* Frameworks */,
				43AF4EB21BCC8FE4003298DB /* Resources */,
			);
			buildRules = (
			);
			dependencies = (
				43AF4EB61BCC8FE4003298DB /* PBXTargetDependency */,
			);
			name = "Workout BroUITests";
			productName = "Workout BroUITests";
			productReference = 43AF4EB41BCC8FE4003298DB /* Workout BroUITests.xctest */;
			productType = "com.apple.product-type.bundle.ui-testing";
		};
/* End PBXNativeTarget section */

/* Begin PBXProject section */
		43AF4E8A1BCC8FE4003298DB /* Project object */ = {
			isa = PBXProject;
			attributes = {
				LastUpgradeCheck = 0700;
				ORGANIZATIONNAME = "JEC INC.";
				TargetAttributes = {
					43AF4E911BCC8FE4003298DB = {
						CreatedOnToolsVersion = 7.0;
						DevelopmentTeam = A9247F828R;
					};
					43AF4EA81BCC8FE4003298DB = {
						CreatedOnToolsVersion = 7.0;
						DevelopmentTeam = A9247F828R;
						TestTargetID = 43AF4E911BCC8FE4003298DB;
					};
					43AF4EB31BCC8FE4003298DB = {
						CreatedOnToolsVersion = 7.0;
						DevelopmentTeam = A9247F828R;
						TestTargetID = 43AF4E911BCC8FE4003298DB;
					};
				};
			};
			buildConfigurationList = 43AF4E8D1BCC8FE4003298DB /* Build configuration list for PBXProject "Workout Bro" */;
			compatibilityVersion = "Xcode 3.2";
			developmentRegion = English;
			hasScannedForEncodings = 0;
			knownRegions = (
				en,
				Base,
			);
			mainGroup = 43AF4E891BCC8FE4003298DB;
			productRefGroup = 43AF4E931BCC8FE4003298DB /* Products */;
			projectDirPath = "";
			projectRoot = "";
			targets = (
				43AF4E911BCC8FE4003298DB /* Workout Bro */,
				43AF4EA81BCC8FE4003298DB /* Workout BroTests */,
				43AF4EB31BCC8FE4003298DB /* Workout BroUITests */,
			);
		};
/* End PBXProject section */

/* Begin PBXResourcesBuildPhase section */
		43AF4E901BCC8FE4003298DB /* Resources */ = {
			isa = PBXResourcesBuildPhase;
			buildActionMask = 2147483647;
			files = (
				431801F61C0E6FBF00BD7BCD /* settings.jpeg in Resources */,
				4392E7D31BD71BF100AE5D86 /* 03.jpg in Resources */,
				1595D9E91BF2C78800F15462 /* Reverse Curls.png in Resources */,
				4392E7E01BD71BF100AE5D86 /* 16.jpg in Resources */,
				4392E7E11BD71BF100AE5D86 /* 17.jpg in Resources */,
				1595D9DF1BF2C78800F15462 /* Crunches.png in Resources */,
				4392E7D21BD71BF100AE5D86 /* 02.jpg in Resources */,
				4392E7D71BD71BF100AE5D86 /* 07.jpg in Resources */,
				435F4DD61BDAF70700EE61CE /* Avatar2.jpg in Resources */,
				1595D9DE1BF2C78800F15462 /* Chest Press.png in Resources */,
				1595D9E51BF2C78800F15462 /* Incline Chest Press.png in Resources */,
				4392E7D41BD71BF100AE5D86 /* 04.jpg in Resources */,
				4392E7DE1BD71BF100AE5D86 /* 14.jpg in Resources */,
				1595D9E11BF2C78800F15462 /* Deadlift.png in Resources */,
				4392E7D91BD71BF100AE5D86 /* 09.jpg in Resources */,
				43E40DC51BE2D74000B386A2 /* greenButton.jpg in Resources */,
				4392E7DD1BD71BF100AE5D86 /* 13.jpg in Resources */,
				4392E7DC1BD71BF100AE5D86 /* 12.jpg in Resources */,
				43AF4EA31BCC8FE4003298DB /* LaunchScreen.storyboard in Resources */,
				4392E7E41BD71BF100AE5D86 /* 20.jpg in Resources */,
				4392E7E51BD71BF100AE5D86 /* Screen Shot 2015-10-16 at 5.58.17 PM.png in Resources */,
				43AF4EA01BCC8FE4003298DB /* Assets.xcassets in Resources */,
				1595D9EB1BF2C78800F15462 /* Sit Ups.png in Resources */,
				435F4DD51BDAF70700EE61CE /* Avatar1.jpg in Resources */,
				4392E7DA1BD71BF100AE5D86 /* 10.jpg in Resources */,
				4392E7E21BD71BF100AE5D86 /* 18.jpg in Resources */,
				435F4DD81BDAF70700EE61CE /* Avatar4.jpg in Resources */,
				1595D9E71BF2C78800F15462 /* Lunges.png in Resources */,
				1595D9EA1BF2C78800F15462 /* Shoulder Press.png in Resources */,
				1595D9E41BF2C78800F15462 /* Front Raise.png in Resources */,
				4392E7D61BD71BF100AE5D86 /* 06.jpg in Resources */,
				435F4DD71BDAF70700EE61CE /* Avatar3.jpg in Resources */,
				4392E7D51BD71BF100AE5D86 /* 05.jpg in Resources */,
				1595D9E21BF2C78800F15462 /* Dumbbell Row.png in Resources */,
				1595D9E01BF2C78800F15462 /* Curls.png in Resources */,
				43AF4E9B1BCC8FE4003298DB /* Main.storyboard in Resources */,
				1595D9E31BF2C78800F15462 /* Dumbbell Shrug.png in Resources */,
				4392E7D81BD71BF100AE5D86 /* 08.jpg in Resources */,
				4392E7E31BD71BF100AE5D86 /* 19.jpg in Resources */,
				437253B51BD1AA56009E2EDE /* Workout-Bro-.jpg in Resources */,
				1595D9E61BF2C78800F15462 /* Lateral Raise.png in Resources */,
				4392E7DF1BD71BF100AE5D86 /* 15.jpg in Resources */,
				4392E7D11BD71BF100AE5D86 /* 01.jpg in Resources */,
				4392E7DB1BD71BF100AE5D86 /* 11.jpg in Resources */,
				1595D9ED1BF2C78800F15462 /* Tricep Press.png in Resources */,
				1595D9DD1BF2C78800F15462 /* Chest Fly.png in Resources */,
				43E40DC31BE2D73200B386A2 /* redButton.jpg in Resources */,
				1595D9E81BF2C78800F15462 /* Planks.png in Resources */,
				1595D9EC1BF2C78800F15462 /* Squats.png in Resources */,
				1595D9DC1BF2C78800F15462 /* Calf Raises.png in Resources */,
				439080161C0E5B57000B6E81 /* weights.jpg in Resources */,
			);
			runOnlyForDeploymentPostprocessing = 0;
		};
		43AF4EA71BCC8FE4003298DB /* Resources */ = {
			isa = PBXResourcesBuildPhase;
			buildActionMask = 2147483647;
			files = (
			);
			runOnlyForDeploymentPostprocessing = 0;
		};
		43AF4EB21BCC8FE4003298DB /* Resources */ = {
			isa = PBXResourcesBuildPhase;
			buildActionMask = 2147483647;
			files = (
			);
			runOnlyForDeploymentPostprocessing = 0;
		};
/* End PBXResourcesBuildPhase section */

/* Begin PBXSourcesBuildPhase section */
		43AF4E8E1BCC8FE4003298DB /* Sources */ = {
			isa = PBXSourcesBuildPhase;
			buildActionMask = 2147483647;
			files = (
				15DEF25C1BD99C670031515C /* WorkoutTableViewController.swift in Sources */,
				4AD3CE631BD0608F008B21A2 /* StopWatchViewController.swift in Sources */,
				43AF4E981BCC8FE4003298DB /* ViewController.swift in Sources */,
				43AF4E961BCC8FE4003298DB /* AppDelegate.swift in Sources */,
				156C572A1BED3E7A00BCCCB1 /* ContentViewController.swift in Sources */,
				43E8D4901BEBEA2500684DDA /* set counter.swift in Sources */,
				43CE42C91C0E64C90068B8F7 /* SetupViewController.swift in Sources */,
				15D1D9DD1BF15B9D00D74AEB /* Workout.swift in Sources */,
				43AF4E9E1BCC8FE4003298DB /* Workout_Bro.xcdatamodeld in Sources */,
				156C572C1BED407500BCCCB1 /* InitialContentViewController.swift in Sources */,
				15DEF2601BD99D020031515C /* DataModel.swift in Sources */,
				43E8D4921BEBEB0500684DDA /* CounterView.swift in Sources */,
				4A22F5531C0986CA00B5924C /* notifyViewController.swift in Sources */,
				432FF98B1C0E89B10075F652 /* experienceBarView.swift in Sources */,
				43A099571BED3315004EC864 /* SettingsViewController.swift in Sources */,
			);
			runOnlyForDeploymentPostprocessing = 0;
		};
		43AF4EA51BCC8FE4003298DB /* Sources */ = {
			isa = PBXSourcesBuildPhase;
			buildActionMask = 2147483647;
			files = (
				43AF4EAE1BCC8FE4003298DB /* Workout_BroTests.swift in Sources */,
			);
			runOnlyForDeploymentPostprocessing = 0;
		};
		43AF4EB01BCC8FE4003298DB /* Sources */ = {
			isa = PBXSourcesBuildPhase;
			buildActionMask = 2147483647;
			files = (
				43AF4EB91BCC8FE4003298DB /* Workout_BroUITests.swift in Sources */,
			);
			runOnlyForDeploymentPostprocessing = 0;
		};
/* End PBXSourcesBuildPhase section */

/* Begin PBXTargetDependency section */
		43AF4EAB1BCC8FE4003298DB /* PBXTargetDependency */ = {
			isa = PBXTargetDependency;
			target = 43AF4E911BCC8FE4003298DB /* Workout Bro */;
			targetProxy = 43AF4EAA1BCC8FE4003298DB /* PBXContainerItemProxy */;
		};
		43AF4EB61BCC8FE4003298DB /* PBXTargetDependency */ = {
			isa = PBXTargetDependency;
			target = 43AF4E911BCC8FE4003298DB /* Workout Bro */;
			targetProxy = 43AF4EB51BCC8FE4003298DB /* PBXContainerItemProxy */;
		};
/* End PBXTargetDependency section */

/* Begin PBXVariantGroup section */
		43AF4E991BCC8FE4003298DB /* Main.storyboard */ = {
			isa = PBXVariantGroup;
			children = (
				43AF4E9A1BCC8FE4003298DB /* Base */,
			);
			name = Main.storyboard;
			sourceTree = "<group>";
		};
		43AF4EA11BCC8FE4003298DB /* LaunchScreen.storyboard */ = {
			isa = PBXVariantGroup;
			children = (
				43AF4EA21BCC8FE4003298DB /* Base */,
			);
			name = LaunchScreen.storyboard;
			sourceTree = "<group>";
		};
/* End PBXVariantGroup section */

/* Begin XCBuildConfiguration section */
		43AF4EBB1BCC8FE4003298DB /* Debug */ = {
			isa = XCBuildConfiguration;
			buildSettings = {
				ALWAYS_SEARCH_USER_PATHS = NO;
				CLANG_CXX_LANGUAGE_STANDARD = "gnu++0x";
				CLANG_CXX_LIBRARY = "libc++";
				CLANG_ENABLE_MODULES = YES;
				CLANG_ENABLE_OBJC_ARC = YES;
				CLANG_WARN_BOOL_CONVERSION = YES;
				CLANG_WARN_CONSTANT_CONVERSION = YES;
				CLANG_WARN_DIRECT_OBJC_ISA_USAGE = YES_ERROR;
				CLANG_WARN_EMPTY_BODY = YES;
				CLANG_WARN_ENUM_CONVERSION = YES;
				CLANG_WARN_INT_CONVERSION = YES;
				CLANG_WARN_OBJC_ROOT_CLASS = YES_ERROR;
				CLANG_WARN_UNREACHABLE_CODE = YES;
				CLANG_WARN__DUPLICATE_METHOD_MATCH = YES;
				"CODE_SIGN_IDENTITY[sdk=iphoneos*]" = "iPhone Developer";
				COPY_PHASE_STRIP = NO;
				DEBUG_INFORMATION_FORMAT = dwarf;
				ENABLE_STRICT_OBJC_MSGSEND = YES;
				ENABLE_TESTABILITY = YES;
				GCC_C_LANGUAGE_STANDARD = gnu99;
				GCC_DYNAMIC_NO_PIC = NO;
				GCC_NO_COMMON_BLOCKS = YES;
				GCC_OPTIMIZATION_LEVEL = 0;
				GCC_PREPROCESSOR_DEFINITIONS = (
					"DEBUG=1",
					"$(inherited)",
				);
				GCC_WARN_64_TO_32_BIT_CONVERSION = YES;
				GCC_WARN_ABOUT_RETURN_TYPE = YES_ERROR;
				GCC_WARN_UNDECLARED_SELECTOR = YES;
				GCC_WARN_UNINITIALIZED_AUTOS = YES_AGGRESSIVE;
				GCC_WARN_UNUSED_FUNCTION = YES;
				GCC_WARN_UNUSED_VARIABLE = YES;
				IPHONEOS_DEPLOYMENT_TARGET = 9.0;
				MTL_ENABLE_DEBUG_INFO = YES;
				ONLY_ACTIVE_ARCH = YES;
				SDKROOT = iphoneos;
				SWIFT_OPTIMIZATION_LEVEL = "-Onone";
				TARGETED_DEVICE_FAMILY = "1,2";
			};
			name = Debug;
		};
		43AF4EBC1BCC8FE4003298DB /* Release */ = {
			isa = XCBuildConfiguration;
			buildSettings = {
				ALWAYS_SEARCH_USER_PATHS = NO;
				CLANG_CXX_LANGUAGE_STANDARD = "gnu++0x";
				CLANG_CXX_LIBRARY = "libc++";
				CLANG_ENABLE_MODULES = YES;
				CLANG_ENABLE_OBJC_ARC = YES;
				CLANG_WARN_BOOL_CONVERSION = YES;
				CLANG_WARN_CONSTANT_CONVERSION = YES;
				CLANG_WARN_DIRECT_OBJC_ISA_USAGE = YES_ERROR;
				CLANG_WARN_EMPTY_BODY = YES;
				CLANG_WARN_ENUM_CONVERSION = YES;
				CLANG_WARN_INT_CONVERSION = YES;
				CLANG_WARN_OBJC_ROOT_CLASS = YES_ERROR;
				CLANG_WARN_UNREACHABLE_CODE = YES;
				CLANG_WARN__DUPLICATE_METHOD_MATCH = YES;
				"CODE_SIGN_IDENTITY[sdk=iphoneos*]" = "iPhone Developer";
				COPY_PHASE_STRIP = NO;
				DEBUG_INFORMATION_FORMAT = "dwarf-with-dsym";
				ENABLE_NS_ASSERTIONS = NO;
				ENABLE_STRICT_OBJC_MSGSEND = YES;
				GCC_C_LANGUAGE_STANDARD = gnu99;
				GCC_NO_COMMON_BLOCKS = YES;
				GCC_WARN_64_TO_32_BIT_CONVERSION = YES;
				GCC_WARN_ABOUT_RETURN_TYPE = YES_ERROR;
				GCC_WARN_UNDECLARED_SELECTOR = YES;
				GCC_WARN_UNINITIALIZED_AUTOS = YES_AGGRESSIVE;
				GCC_WARN_UNUSED_FUNCTION = YES;
				GCC_WARN_UNUSED_VARIABLE = YES;
				IPHONEOS_DEPLOYMENT_TARGET = 9.0;
				MTL_ENABLE_DEBUG_INFO = NO;
				SDKROOT = iphoneos;
				TARGETED_DEVICE_FAMILY = "1,2";
				VALIDATE_PRODUCT = YES;
			};
			name = Release;
		};
		43AF4EBE1BCC8FE4003298DB /* Debug */ = {
			isa = XCBuildConfiguration;
			buildSettings = {
				ASSETCATALOG_COMPILER_APPICON_NAME = AppIcon;
				INFOPLIST_FILE = "Workout Bro/Info.plist";
				LD_RUNPATH_SEARCH_PATHS = "$(inherited) @executable_path/Frameworks";
				PRODUCT_BUNDLE_IDENTIFIER = "com.cs378.Workout-Bro";
				PRODUCT_NAME = "$(TARGET_NAME)";
			};
			name = Debug;
		};
		43AF4EBF1BCC8FE4003298DB /* Release */ = {
			isa = XCBuildConfiguration;
			buildSettings = {
				ASSETCATALOG_COMPILER_APPICON_NAME = AppIcon;
				INFOPLIST_FILE = "Workout Bro/Info.plist";
				LD_RUNPATH_SEARCH_PATHS = "$(inherited) @executable_path/Frameworks";
				PRODUCT_BUNDLE_IDENTIFIER = "com.cs378.Workout-Bro";
				PRODUCT_NAME = "$(TARGET_NAME)";
			};
			name = Release;
		};
		43AF4EC11BCC8FE4003298DB /* Debug */ = {
			isa = XCBuildConfiguration;
			buildSettings = {
				BUNDLE_LOADER = "$(TEST_HOST)";
				INFOPLIST_FILE = "Workout BroTests/Info.plist";
				LD_RUNPATH_SEARCH_PATHS = "$(inherited) @executable_path/Frameworks @loader_path/Frameworks";
				PRODUCT_BUNDLE_IDENTIFIER = "com.cs378.Workout-BroTests";
				PRODUCT_NAME = "$(TARGET_NAME)";
				TEST_HOST = "$(BUILT_PRODUCTS_DIR)/Workout Bro.app/Workout Bro";
			};
			name = Debug;
		};
		43AF4EC21BCC8FE4003298DB /* Release */ = {
			isa = XCBuildConfiguration;
			buildSettings = {
				BUNDLE_LOADER = "$(TEST_HOST)";
				INFOPLIST_FILE = "Workout BroTests/Info.plist";
				LD_RUNPATH_SEARCH_PATHS = "$(inherited) @executable_path/Frameworks @loader_path/Frameworks";
				PRODUCT_BUNDLE_IDENTIFIER = "com.cs378.Workout-BroTests";
				PRODUCT_NAME = "$(TARGET_NAME)";
				TEST_HOST = "$(BUILT_PRODUCTS_DIR)/Workout Bro.app/Workout Bro";
			};
			name = Release;
		};
		43AF4EC41BCC8FE4003298DB /* Debug */ = {
			isa = XCBuildConfiguration;
			buildSettings = {
				INFOPLIST_FILE = "Workout BroUITests/Info.plist";
				LD_RUNPATH_SEARCH_PATHS = "$(inherited) @executable_path/Frameworks @loader_path/Frameworks";
				PRODUCT_BUNDLE_IDENTIFIER = "com.cs378.Workout-BroUITests";
				PRODUCT_NAME = "$(TARGET_NAME)";
				TEST_TARGET_NAME = "Workout Bro";
				USES_XCTRUNNER = YES;
			};
			name = Debug;
		};
		43AF4EC51BCC8FE4003298DB /* Release */ = {
			isa = XCBuildConfiguration;
			buildSettings = {
				INFOPLIST_FILE = "Workout BroUITests/Info.plist";
				LD_RUNPATH_SEARCH_PATHS = "$(inherited) @executable_path/Frameworks @loader_path/Frameworks";
				PRODUCT_BUNDLE_IDENTIFIER = "com.cs378.Workout-BroUITests";
				PRODUCT_NAME = "$(TARGET_NAME)";
				TEST_TARGET_NAME = "Workout Bro";
				USES_XCTRUNNER = YES;
			};
			name = Release;
		};
/* End XCBuildConfiguration section */

/* Begin XCConfigurationList section */
		43AF4E8D1BCC8FE4003298DB /* Build configuration list for PBXProject "Workout Bro" */ = {
			isa = XCConfigurationList;
			buildConfigurations = (
				43AF4EBB1BCC8FE4003298DB /* Debug */,
				43AF4EBC1BCC8FE4003298DB /* Release */,
			);
			defaultConfigurationIsVisible = 0;
			defaultConfigurationName = Release;
		};
		43AF4EBD1BCC8FE4003298DB /* Build configuration list for PBXNativeTarget "Workout Bro" */ = {
			isa = XCConfigurationList;
			buildConfigurations = (
				43AF4EBE1BCC8FE4003298DB /* Debug */,
				43AF4EBF1BCC8FE4003298DB /* Release */,
			);
			defaultConfigurationIsVisible = 0;
			defaultConfigurationName = Release;
		};
		43AF4EC01BCC8FE4003298DB /* Build configuration list for PBXNativeTarget "Workout BroTests" */ = {
			isa = XCConfigurationList;
			buildConfigurations = (
				43AF4EC11BCC8FE4003298DB /* Debug */,
				43AF4EC21BCC8FE4003298DB /* Release */,
			);
			defaultConfigurationIsVisible = 0;
			defaultConfigurationName = Release;
		};
		43AF4EC31BCC8FE4003298DB /* Build configuration list for PBXNativeTarget "Workout BroUITests" */ = {
			isa = XCConfigurationList;
			buildConfigurations = (
				43AF4EC41BCC8FE4003298DB /* Debug */,
				43AF4EC51BCC8FE4003298DB /* Release */,
			);
			defaultConfigurationIsVisible = 0;
			defaultConfigurationName = Release;
		};
/* End XCConfigurationList section */

/* Begin XCVersionGroup section */
		43AF4E9C1BCC8FE4003298DB /* Workout_Bro.xcdatamodeld */ = {
			isa = XCVersionGroup;
			children = (
				43AF4E9D1BCC8FE4003298DB /* Workout_Bro.xcdatamodel */,
			);
			currentVersion = 43AF4E9D1BCC8FE4003298DB /* Workout_Bro.xcdatamodel */;
			path = Workout_Bro.xcdatamodeld;
			sourceTree = "<group>";
			versionGroupType = wrapper.xcdatamodel;
		};
/* End XCVersionGroup section */
	};
	rootObject = 43AF4E8A1BCC8FE4003298DB /* Project object */;
}
